
Microsoft Visual Studio Solution File, Format Version 12.00
# Visual Studio Version 16
VisualStudioVersion = 16.0.29519.87
MinimumVisualStudioVersion = 10.0.40219.1
Project("{2150E333-8FDC-42A3-9474-1A3956D46DE8}") = "Core", "Core", "{519259BA-C314-4E8D-BD3D-0CB31AF63AEF}"
EndProject
Project("{2150E333-8FDC-42A3-9474-1A3956D46DE8}") = "UI", "UI", "{A4C283F0-519C-46EE-8C28-3C893DD51B65}"
EndProject
Project("{2150E333-8FDC-42A3-9474-1A3956D46DE8}") = "Infrastructure", "Infrastructure", "{0518F681-42E2-4D94-A349-7D2A98EB1E4F}"
EndProject
Project("{2150E333-8FDC-42A3-9474-1A3956D46DE8}") = "Test", "Test", "{89D57CF1-4978-4881-A8E8-0619AA70F128}"
EndProject
Project("{FAE04EC0-301F-11D3-BF4B-00C04F79EFBC}") = "TaskBerry.Storage", "TaskBerry.Storage\TaskBerry.Storage.csproj", "{67D47C95-EBCA-4BCC-A51F-0AA19B01435D}"
EndProject
Project("{FAE04EC0-301F-11D3-BF4B-00C04F79EFBC}") = "TaskBerry.Core", "TaskBerry.Core\TaskBerry.Core.csproj", "{6F58C6CA-E22A-4CBC-8B80-EB60896BD9F3}"
EndProject
Project("{FAE04EC0-301F-11D3-BF4B-00C04F79EFBC}") = "TaskBerry", "TaskBerry\TaskBerry.csproj", "{1C98FA72-1AD9-4B45-948D-0A9D75254DC5}"
EndProject
Project("{FAE04EC0-301F-11D3-BF4B-00C04F79EFBC}") = "TaskBerry.Infrastructure", "TaskBerry.Infrastructure\TaskBerry.Infrastructure.csproj", "{E1118C5C-62FA-4280-8387-0DDBBB84DEAC}"
EndProject
Project("{FAE04EC0-301F-11D3-BF4B-00C04F79EFBC}") = "TaskBerry.Test", "TaskBerry.Test\TaskBerry.Test.csproj", "{E295684C-927F-4F47-B858-6927C4E7B347}"
EndProject
Project("{FAE04EC0-301F-11D3-BF4B-00C04F79EFBC}") = "TaskBerry.TrayApp", "TaskBerry.TrayApp\TaskBerry.TrayApp.csproj", "{1DB04456-0AC4-4290-B156-833ADA6A506C}"
EndProject
Project("{FAE04EC0-301F-11D3-BF4B-00C04F79EFBC}") = "TaskBerry.Forms", "TaskBerry.Forms\TaskBerry.Forms.csproj", "{BE3F6923-ACEB-4A68-9671-7E548EA1163B}"
EndProject
Project("{FAE04EC0-301F-11D3-BF4B-00C04F79EFBC}") = "TaskBerry.Sheduler", "TaskBerry.Sheduler\TaskBerry.Sheduler.csproj", "{8775B22D-4C97-4BE9-A4E7-2FEAEBBB2189}"
EndProject
Global
	GlobalSection(SolutionConfigurationPlatforms) = preSolution
		Debug|Any CPU = Debug|Any CPU
		Release|Any CPU = Release|Any CPU
	EndGlobalSection
	GlobalSection(ProjectConfigurationPlatforms) = postSolution
		{67D47C95-EBCA-4BCC-A51F-0AA19B01435D}.Debug|Any CPU.ActiveCfg = Debug|Any CPU
		{67D47C95-EBCA-4BCC-A51F-0AA19B01435D}.Debug|Any CPU.Build.0 = Debug|Any CPU
		{67D47C95-EBCA-4BCC-A51F-0AA19B01435D}.Release|Any CPU.ActiveCfg = Release|Any CPU
		{67D47C95-EBCA-4BCC-A51F-0AA19B01435D}.Release|Any CPU.Build.0 = Release|Any CPU
		{6F58C6CA-E22A-4CBC-8B80-EB60896BD9F3}.Debug|Any CPU.ActiveCfg = Debug|Any CPU
		{6F58C6CA-E22A-4CBC-8B80-EB60896BD9F3}.Debug|Any CPU.Build.0 = Debug|Any CPU
		{6F58C6CA-E22A-4CBC-8B80-EB60896BD9F3}.Release|Any CPU.ActiveCfg = Release|Any CPU
		{6F58C6CA-E22A-4CBC-8B80-EB60896BD9F3}.Release|Any CPU.Build.0 = Release|Any CPU
		{1C98FA72-1AD9-4B45-948D-0A9D75254DC5}.Debug|Any CPU.ActiveCfg = Debug|Any CPU
		{1C98FA72-1AD9-4B45-948D-0A9D75254DC5}.Debug|Any CPU.Build.0 = Debug|Any CPU
		{1C98FA72-1AD9-4B45-948D-0A9D75254DC5}.Release|Any CPU.ActiveCfg = Release|Any CPU
		{1C98FA72-1AD9-4B45-948D-0A9D75254DC5}.Release|Any CPU.Build.0 = Release|Any CPU
		{E1118C5C-62FA-4280-8387-0DDBBB84DEAC}.Debug|Any CPU.ActiveCfg = Debug|Any CPU
		{E1118C5C-62FA-4280-8387-0DDBBB84DEAC}.Debug|Any CPU.Build.0 = Debug|Any CPU
		{E1118C5C-62FA-4280-8387-0DDBBB84DEAC}.Release|Any CPU.ActiveCfg = Release|Any CPU
		{E1118C5C-62FA-4280-8387-0DDBBB84DEAC}.Release|Any CPU.Build.0 = Release|Any CPU
		{E295684C-927F-4F47-B858-6927C4E7B347}.Debug|Any CPU.ActiveCfg = Debug|Any CPU
		{E295684C-927F-4F47-B858-6927C4E7B347}.Debug|Any CPU.Build.0 = Debug|Any CPU
		{E295684C-927F-4F47-B858-6927C4E7B347}.Release|Any CPU.ActiveCfg = Release|Any CPU
		{E295684C-927F-4F47-B858-6927C4E7B347}.Release|Any CPU.Build.0 = Release|Any CPU
		{1DB04456-0AC4-4290-B156-833ADA6A506C}.Debug|Any CPU.ActiveCfg = Debug|Any CPU
		{1DB04456-0AC4-4290-B156-833ADA6A506C}.Debug|Any CPU.Build.0 = Debug|Any CPU
		{1DB04456-0AC4-4290-B156-833ADA6A506C}.Release|Any CPU.ActiveCfg = Release|Any CPU
		{1DB04456-0AC4-4290-B156-833ADA6A506C}.Release|Any CPU.Build.0 = Release|Any CPU
		{BE3F6923-ACEB-4A68-9671-7E548EA1163B}.Debug|Any CPU.ActiveCfg = Debug|Any CPU
		{BE3F6923-ACEB-4A68-9671-7E548EA1163B}.Debug|Any CPU.Build.0 = Debug|Any CPU
		{BE3F6923-ACEB-4A68-9671-7E548EA1163B}.Release|Any CPU.ActiveCfg = Release|Any CPU
		{BE3F6923-ACEB-4A68-9671-7E548EA1163B}.Release|Any CPU.Build.0 = Release|Any CPU
		{8775B22D-4C97-4BE9-A4E7-2FEAEBBB2189}.Debug|Any CPU.ActiveCfg = Debug|Any CPU
		{8775B22D-4C97-4BE9-A4E7-2FEAEBBB2189}.Debug|Any CPU.Build.0 = Debug|Any CPU
		{8775B22D-4C97-4BE9-A4E7-2FEAEBBB2189}.Release|Any CPU.ActiveCfg = Release|Any CPU
		{8775B22D-4C97-4BE9-A4E7-2FEAEBBB2189}.Release|Any CPU.Build.0 = Release|Any CPU
	EndGlobalSection
	GlobalSection(SolutionProperties) = preSolution
		HideSolutionNode = FALSE
	EndGlobalSection
	GlobalSection(NestedProjects) = preSolution
		{67D47C95-EBCA-4BCC-A51F-0AA19B01435D} = {519259BA-C314-4E8D-BD3D-0CB31AF63AEF}
		{6F58C6CA-E22A-4CBC-8B80-EB60896BD9F3} = {519259BA-C314-4E8D-BD3D-0CB31AF63AEF}
		{1C98FA72-1AD9-4B45-948D-0A9D75254DC5} = {519259BA-C314-4E8D-BD3D-0CB31AF63AEF}
		{E1118C5C-62FA-4280-8387-0DDBBB84DEAC} = {0518F681-42E2-4D94-A349-7D2A98EB1E4F}
		{E295684C-927F-4F47-B858-6927C4E7B347} = {89D57CF1-4978-4881-A8E8-0619AA70F128}
		{1DB04456-0AC4-4290-B156-833ADA6A506C} = {A4C283F0-519C-46EE-8C28-3C893DD51B65}
		{BE3F6923-ACEB-4A68-9671-7E548EA1163B} = {A4C283F0-519C-46EE-8C28-3C893DD51B65}
		{8775B22D-4C97-4BE9-A4E7-2FEAEBBB2189} = {519259BA-C314-4E8D-BD3D-0CB31AF63AEF}
	EndGlobalSection
	GlobalSection(ExtensibilityGlobals) = postSolution
		SolutionGuid = {22A40F66-870A-436A-AFEE-894ED57CF559}
	EndGlobalSection
EndGlobal
