
Microsoft Visual Studio Solution File, Format Version 12.00
# Visual Studio Version 16
VisualStudioVersion = 16.0.29519.87
MinimumVisualStudioVersion = 10.0.40219.1
Project("{2150E333-8FDC-42A3-9474-1A3956D46DE8}") = "Core", "Core", "{519259BA-C314-4E8D-BD3D-0CB31AF63AEF}"
EndProject
Project("{2150E333-8FDC-42A3-9474-1A3956D46DE8}") = "UI", "UI", "{A4C283F0-519C-46EE-8C28-3C893DD51B65}"
EndProject
Project("{2150E333-8FDC-42A3-9474-1A3956D46DE8}") = "Infrastructure", "Infrastructure", "{0518F681-42E2-4D94-A349-7D2A98EB1E4F}"
EndProject
Project("{2150E333-8FDC-42A3-9474-1A3956D46DE8}") = "Test", "Test", "{89D57CF1-4978-4881-A8E8-0619AA70F128}"
EndProject
Project("{FAE04EC0-301F-11D3-BF4B-00C04F79EFBC}") = "TaskBerry.Storage", "TaskBerry.Storage\TaskBerry.Storage.csproj", "{67D47C95-EBCA-4BCC-A51F-0AA19B01435D}"
EndProject
Project("{FAE04EC0-301F-11D3-BF4B-00C04F79EFBC}") = "TaskBerry", "TaskBerry\TaskBerry.csproj", "{1C98FA72-1AD9-4B45-948D-0A9D75254DC5}"
EndProject
Project("{FAE04EC0-301F-11D3-BF4B-00C04F79EFBC}") = "TaskBerry.Infrastructure", "TaskBerry.Infrastructure\TaskBerry.Infrastructure.csproj", "{E1118C5C-62FA-4280-8387-0DDBBB84DEAC}"
EndProject
Project("{2150E333-8FDC-42A3-9474-1A3956D46DE8}") = "Presenters", "Presenters", "{D78C616E-11F7-468F-A716-94BE2B16ED2A}"
EndProject
Project("{FAE04EC0-301F-11D3-BF4B-00C04F79EFBC}") = "TaskBerry.FormsPresenter", "TaskBerry.FormsPresenter\TaskBerry.FormsPresenter.csproj", "{1DE65956-3431-4561-A435-A261D3B08B84}"
EndProject
Project("{FAE04EC0-301F-11D3-BF4B-00C04F79EFBC}") = "TaskBerry.TrayPresenter", "TaskBerry.TrayPresenter\TaskBerry.TrayPresenter.csproj", "{D95ED71C-0CEB-4175-94FF-D484C268E3F2}"
EndProject
Project("{FAE04EC0-301F-11D3-BF4B-00C04F79EFBC}") = "TaskBerry.Compositor", "TaskBerry.Compositor\TaskBerry.Compositor.csproj", "{37B5581E-DF70-48A8-BB9F-7B1F54CC764A}"
EndProject
Project("{FAE04EC0-301F-11D3-BF4B-00C04F79EFBC}") = "TaskBerry.Logger", "TaskBerry.Logger\TaskBerry.Logger.csproj", "{104B90CA-294C-4FF6-BE47-8EACCC44CDE1}"
EndProject
Project("{FAE04EC0-301F-11D3-BF4B-00C04F79EFBC}") = "TaskBerry.Forms", "TaskBerry.Forms\TaskBerry.Forms.csproj", "{7CE40CBA-3CC4-4E14-8131-D27EE4CD1CC7}"
EndProject
Project("{FAE04EC0-301F-11D3-BF4B-00C04F79EFBC}") = "TaskBerry.TrayApp", "TaskBerry.TrayApp\TaskBerry.TrayApp.csproj", "{2F4B9178-B682-4C63-94D3-A2991B816DCC}"
EndProject
Project("{FAE04EC0-301F-11D3-BF4B-00C04F79EFBC}") = "TaskBerry.Scheduler", "TaskBerry.Sheduler\TaskBerry.Scheduler.csproj", "{8775B22D-4C97-4BE9-A4E7-2FEAEBBB2189}"
EndProject
Project("{FAE04EC0-301F-11D3-BF4B-00C04F79EFBC}") = "TaskBerry.Core", "TaskBerry.Core\TaskBerry.Core.csproj", "{E2B66ED5-F166-409F-955F-1BF0E6164942}"
EndProject
Global
	GlobalSection(SolutionConfigurationPlatforms) = preSolution
		Debug|Any CPU = Debug|Any CPU
		Release|Any CPU = Release|Any CPU
	EndGlobalSection
	GlobalSection(ProjectConfigurationPlatforms) = postSolution
		{67D47C95-EBCA-4BCC-A51F-0AA19B01435D}.Debug|Any CPU.ActiveCfg = Debug|Any CPU
		{67D47C95-EBCA-4BCC-A51F-0AA19B01435D}.Debug|Any CPU.Build.0 = Debug|Any CPU
		{67D47C95-EBCA-4BCC-A51F-0AA19B01435D}.Release|Any CPU.ActiveCfg = Release|Any CPU
		{67D47C95-EBCA-4BCC-A51F-0AA19B01435D}.Release|Any CPU.Build.0 = Release|Any CPU
		{1C98FA72-1AD9-4B45-948D-0A9D75254DC5}.Debug|Any CPU.ActiveCfg = Debug|Any CPU
		{1C98FA72-1AD9-4B45-948D-0A9D75254DC5}.Debug|Any CPU.Build.0 = Debug|Any CPU
		{1C98FA72-1AD9-4B45-948D-0A9D75254DC5}.Release|Any CPU.ActiveCfg = Release|Any CPU
		{1C98FA72-1AD9-4B45-948D-0A9D75254DC5}.Release|Any CPU.Build.0 = Release|Any CPU
		{E1118C5C-62FA-4280-8387-0DDBBB84DEAC}.Debug|Any CPU.ActiveCfg = Debug|Any CPU
		{E1118C5C-62FA-4280-8387-0DDBBB84DEAC}.Debug|Any CPU.Build.0 = Debug|Any CPU
		{E1118C5C-62FA-4280-8387-0DDBBB84DEAC}.Release|Any CPU.ActiveCfg = Release|Any CPU
		{E1118C5C-62FA-4280-8387-0DDBBB84DEAC}.Release|Any CPU.Build.0 = Release|Any CPU
		{1DE65956-3431-4561-A435-A261D3B08B84}.Debug|Any CPU.ActiveCfg = Debug|Any CPU
		{1DE65956-3431-4561-A435-A261D3B08B84}.Debug|Any CPU.Build.0 = Debug|Any CPU
		{1DE65956-3431-4561-A435-A261D3B08B84}.Release|Any CPU.ActiveCfg = Release|Any CPU
		{1DE65956-3431-4561-A435-A261D3B08B84}.Release|Any CPU.Build.0 = Release|Any CPU
		{D95ED71C-0CEB-4175-94FF-D484C268E3F2}.Debug|Any CPU.ActiveCfg = Debug|Any CPU
		{D95ED71C-0CEB-4175-94FF-D484C268E3F2}.Debug|Any CPU.Build.0 = Debug|Any CPU
		{D95ED71C-0CEB-4175-94FF-D484C268E3F2}.Release|Any CPU.ActiveCfg = Release|Any CPU
		{D95ED71C-0CEB-4175-94FF-D484C268E3F2}.Release|Any CPU.Build.0 = Release|Any CPU
		{37B5581E-DF70-48A8-BB9F-7B1F54CC764A}.Debug|Any CPU.ActiveCfg = Debug|Any CPU
		{37B5581E-DF70-48A8-BB9F-7B1F54CC764A}.Debug|Any CPU.Build.0 = Debug|Any CPU
		{37B5581E-DF70-48A8-BB9F-7B1F54CC764A}.Release|Any CPU.ActiveCfg = Release|Any CPU
		{37B5581E-DF70-48A8-BB9F-7B1F54CC764A}.Release|Any CPU.Build.0 = Release|Any CPU
		{104B90CA-294C-4FF6-BE47-8EACCC44CDE1}.Debug|Any CPU.ActiveCfg = Debug|Any CPU
		{104B90CA-294C-4FF6-BE47-8EACCC44CDE1}.Debug|Any CPU.Build.0 = Debug|Any CPU
		{104B90CA-294C-4FF6-BE47-8EACCC44CDE1}.Release|Any CPU.ActiveCfg = Release|Any CPU
		{104B90CA-294C-4FF6-BE47-8EACCC44CDE1}.Release|Any CPU.Build.0 = Release|Any CPU
		{7CE40CBA-3CC4-4E14-8131-D27EE4CD1CC7}.Debug|Any CPU.ActiveCfg = Debug|Any CPU
		{7CE40CBA-3CC4-4E14-8131-D27EE4CD1CC7}.Debug|Any CPU.Build.0 = Debug|Any CPU
		{7CE40CBA-3CC4-4E14-8131-D27EE4CD1CC7}.Release|Any CPU.ActiveCfg = Release|Any CPU
		{7CE40CBA-3CC4-4E14-8131-D27EE4CD1CC7}.Release|Any CPU.Build.0 = Release|Any CPU
		{2F4B9178-B682-4C63-94D3-A2991B816DCC}.Debug|Any CPU.ActiveCfg = Debug|Any CPU
		{2F4B9178-B682-4C63-94D3-A2991B816DCC}.Debug|Any CPU.Build.0 = Debug|Any CPU
		{2F4B9178-B682-4C63-94D3-A2991B816DCC}.Release|Any CPU.ActiveCfg = Release|Any CPU
		{2F4B9178-B682-4C63-94D3-A2991B816DCC}.Release|Any CPU.Build.0 = Release|Any CPU
		{8775B22D-4C97-4BE9-A4E7-2FEAEBBB2189}.Debug|Any CPU.ActiveCfg = Debug|Any CPU
		{8775B22D-4C97-4BE9-A4E7-2FEAEBBB2189}.Debug|Any CPU.Build.0 = Debug|Any CPU
		{8775B22D-4C97-4BE9-A4E7-2FEAEBBB2189}.Release|Any CPU.ActiveCfg = Release|Any CPU
		{8775B22D-4C97-4BE9-A4E7-2FEAEBBB2189}.Release|Any CPU.Build.0 = Release|Any CPU
		{E2B66ED5-F166-409F-955F-1BF0E6164942}.Debug|Any CPU.ActiveCfg = Debug|Any CPU
		{E2B66ED5-F166-409F-955F-1BF0E6164942}.Debug|Any CPU.Build.0 = Debug|Any CPU
		{E2B66ED5-F166-409F-955F-1BF0E6164942}.Release|Any CPU.ActiveCfg = Release|Any CPU
		{E2B66ED5-F166-409F-955F-1BF0E6164942}.Release|Any CPU.Build.0 = Release|Any CPU
	EndGlobalSection
	GlobalSection(SolutionProperties) = preSolution
		HideSolutionNode = FALSE
	EndGlobalSection
	GlobalSection(NestedProjects) = preSolution
		{67D47C95-EBCA-4BCC-A51F-0AA19B01435D} = {519259BA-C314-4E8D-BD3D-0CB31AF63AEF}
		{1C98FA72-1AD9-4B45-948D-0A9D75254DC5} = {519259BA-C314-4E8D-BD3D-0CB31AF63AEF}
		{E1118C5C-62FA-4280-8387-0DDBBB84DEAC} = {0518F681-42E2-4D94-A349-7D2A98EB1E4F}
		{1DE65956-3431-4561-A435-A261D3B08B84} = {D78C616E-11F7-468F-A716-94BE2B16ED2A}
		{D95ED71C-0CEB-4175-94FF-D484C268E3F2} = {D78C616E-11F7-468F-A716-94BE2B16ED2A}
		{37B5581E-DF70-48A8-BB9F-7B1F54CC764A} = {0518F681-42E2-4D94-A349-7D2A98EB1E4F}
		{104B90CA-294C-4FF6-BE47-8EACCC44CDE1} = {89D57CF1-4978-4881-A8E8-0619AA70F128}
		{7CE40CBA-3CC4-4E14-8131-D27EE4CD1CC7} = {A4C283F0-519C-46EE-8C28-3C893DD51B65}
		{2F4B9178-B682-4C63-94D3-A2991B816DCC} = {A4C283F0-519C-46EE-8C28-3C893DD51B65}
		{8775B22D-4C97-4BE9-A4E7-2FEAEBBB2189} = {519259BA-C314-4E8D-BD3D-0CB31AF63AEF}
		{E2B66ED5-F166-409F-955F-1BF0E6164942} = {519259BA-C314-4E8D-BD3D-0CB31AF63AEF}
	EndGlobalSection
	GlobalSection(ExtensibilityGlobals) = postSolution
		SolutionGuid = {22A40F66-870A-436A-AFEE-894ED57CF559}
	EndGlobalSection
EndGlobal
